Microsoft Visual Studio Solution File, Format Version 12.00
# Visual Studio 15
VisualStudioVersion = 15.0.27428.2005
MinimumVisualStudioVersion = 10.0.40219.1
Project("{FAE04EC0-301F-11D3-BF4B-00C04F79EFBC}") = "Project-MK-PB-TESTY", "Project-MK-PB-TESTY\Project-MK-PB-TESTY.csproj", "{A17AB609-F2B2-4270-9C5C-39EF1B65E854}"
EndProject
Project("{FAE04EC0-301F-11D3-BF4B-00C04F79EFBC}") = "SeleniumMK", "SeleniumMK\SeleniumMK.csproj", "{3EE1752D-987F-48D6-A72D-905F0D5C6082}"
EndProject
Project("{FAE04EC0-301F-11D3-BF4B-00C04F79EFBC}") = "SeleniumPB", "SeleniumPB\SeleniumPB.csproj", "{49391564-060F-4868-AAAF-FF221C1E5AD4}"
EndProject
Global
	GlobalSection(SolutionConfigurationPlatforms) = preSolution
		Debug|Any CPU = Debug|Any CPU
		Debug|x86 = Debug|x86
		Release|Any CPU = Release|Any CPU
		Release|x86 = Release|x86
	EndGlobalSection
	GlobalSection(ProjectConfigurationPlatforms) = postSolution
		{A17AB609-F2B2-4270-9C5C-39EF1B65E854}.Debug|Any CPU.ActiveCfg = Debug|x86
		{A17AB609-F2B2-4270-9C5C-39EF1B65E854}.Debug|x86.ActiveCfg = Debug|x86
		{A17AB609-F2B2-4270-9C5C-39EF1B65E854}.Debug|x86.Build.0 = Debug|x86
		{A17AB609-F2B2-4270-9C5C-39EF1B65E854}.Release|Any CPU.ActiveCfg = Release|x86
		{A17AB609-F2B2-4270-9C5C-39EF1B65E854}.Release|x86.ActiveCfg = Release|x86
		{A17AB609-F2B2-4270-9C5C-39EF1B65E854}.Release|x86.Build.0 = Release|x86
		{3EE1752D-987F-48D6-A72D-905F0D5C6082}.Debug|Any CPU.ActiveCfg = Debug|Any CPU
		{3EE1752D-987F-48D6-A72D-905F0D5C6082}.Debug|Any CPU.Build.0 = Debug|Any CPU
		{3EE1752D-987F-48D6-A72D-905F0D5C6082}.Debug|x86.ActiveCfg = Debug|Any CPU
		{3EE1752D-987F-48D6-A72D-905F0D5C6082}.Debug|x86.Build.0 = Debug|Any CPU
		{3EE1752D-987F-48D6-A72D-905F0D5C6082}.Release|Any CPU.ActiveCfg = Release|Any CPU
		{3EE1752D-987F-48D6-A72D-905F0D5C6082}.Release|Any CPU.Build.0 = Release|Any CPU
		{3EE1752D-987F-48D6-A72D-905F0D5C6082}.Release|x86.ActiveCfg = Release|Any CPU
		{3EE1752D-987F-48D6-A72D-905F0D5C6082}.Release|x86.Build.0 = Release|Any CPU
		{49391564-060F-4868-AAAF-FF221C1E5AD4}.Debug|Any CPU.ActiveCfg = Debug|Any CPU
		{49391564-060F-4868-AAAF-FF221C1E5AD4}.Debug|Any CPU.Build.0 = Debug|Any CPU
		{49391564-060F-4868-AAAF-FF221C1E5AD4}.Debug|x86.ActiveCfg = Debug|Any CPU
		{49391564-060F-4868-AAAF-FF221C1E5AD4}.Debug|x86.Build.0 = Debug|Any CPU
		{49391564-060F-4868-AAAF-FF221C1E5AD4}.Release|Any CPU.ActiveCfg = Release|Any CPU
		{49391564-060F-4868-AAAF-FF221C1E5AD4}.Release|Any CPU.Build.0 = Release|Any CPU
		{49391564-060F-4868-AAAF-FF221C1E5AD4}.Release|x86.ActiveCfg = Release|Any CPU
		{49391564-060F-4868-AAAF-FF221C1E5AD4}.Release|x86.Build.0 = Release|Any CPU
	EndGlobalSection
	GlobalSection(SolutionProperties) = preSolution
		HideSolutionNode = FALSE
	EndGlobalSection
	GlobalSection(ExtensibilityGlobals) = postSolution
		SolutionGuid = {0A39CDCC-6691-4AB1-8D9A-A77949BD0386}
	EndGlobalSection
EndGlobal
